
Microsoft Visual Studio Solution File, Format Version 12.00
# Visual Studio Version 17
VisualStudioVersion = 17.11.35208.52
MinimumVisualStudioVersion = 10.0.40219.1
Project("{FAE04EC0-301F-11D3-BF4B-00C04F79EFBC}") = "WordGuessApplication", "WordGuessApplication\WordGuessApplication.csproj", "{A31A63F5-7BE7-40D1-84E7-2E9CBAF85491}"
EndProject
Global
	GlobalSection(SolutionConfigurationPlatforms) = preSolution
		Debug|Any CPU = Debug|Any CPU
		Release|Any CPU = Release|Any CPU
	EndGlobalSection
	GlobalSection(ProjectConfigurationPlatforms) = postSolution
		{A31A63F5-7BE7-40D1-84E7-2E9CBAF85491}.Debug|Any CPU.ActiveCfg = Debug|Any CPU
		{A31A63F5-7BE7-40D1-84E7-2E9CBAF85491}.Debug|Any CPU.Build.0 = Debug|Any CPU
		{A31A63F5-7BE7-40D1-84E7-2E9CBAF85491}.Release|Any CPU.ActiveCfg = Release|Any CPU
		{A31A63F5-7BE7-40D1-84E7-2E9CBAF85491}.Release|Any CPU.Build.0 = Release|Any CPU
	EndGlobalSection
	GlobalSection(SolutionProperties) = preSolution
		HideSolutionNode = FALSE
	EndGlobalSection
	GlobalSection(ExtensibilityGlobals) = postSolution
		SolutionGuid = {8842DAAF-6A19-44E6-8707-1FC5A890831C}
	EndGlobalSection
EndGlobal
